
Microsoft Visual Studio Solution File, Format Version 12.00
# Visual Studio Version 17
VisualStudioVersion = 17.8.34511.84
MinimumVisualStudioVersion = 10.0.40219.1
Project("{9A19103F-16F7-4668-BE54-9A1E7A4F7556}") = "DeploymentCenter", "DeploymentCenter\DeploymentCenter.csproj", "{3736DD9F-093C-450D-8044-F8015FDC54AA}"
EndProject
Project("{2150E333-8FDC-42A3-9474-1A3956D46DE8}") = "Modules", "Modules", "{B238DB0E-9BBE-4CB9-9D3D-99084D449C1E}"
EndProject
Project("{9A19103F-16F7-4668-BE54-9A1E7A4F7556}") = "DeploymentCenter.Images", "DeploymentCenter.Images\DeploymentCenter.Images.csproj", "{7FD7FBD2-7EC0-4731-A2BE-928ED0E5B83D}"
EndProject
Project("{2150E333-8FDC-42A3-9474-1A3956D46DE8}") = "Images", "Images", "{8AB375DA-EE6C-44E1-B4EA-15EAEF27913F}"
EndProject
Project("{9A19103F-16F7-4668-BE54-9A1E7A4F7556}") = "DeploymentCenter.Images.Api", "DeploymentCenter.Images.Api\DeploymentCenter.Images.Api.csproj", "{86DDF077-963F-4A99-A7B6-75A5CDE8700F}"
EndProject
Project("{2150E333-8FDC-42A3-9474-1A3956D46DE8}") = "Libs", "Libs", "{C6EBB914-79EF-499C-83F4-D4C33C34FFD0}"
EndProject
Project("{9A19103F-16F7-4668-BE54-9A1E7A4F7556}") = "DeploymentCenter.Api", "DeploymentCenter.Api\DeploymentCenter.Api.csproj", "{7B91A5FF-7488-406B-83D7-391847DE73FE}"
EndProject
Project("{9A19103F-16F7-4668-BE54-9A1E7A4F7556}") = "DeploymentCenter.SharedKernel", "DeploymentCenter.SharedKernel\DeploymentCenter.SharedKernel.csproj", "{D3F52D27-2F02-4D3F-9FDA-ABD7D08B2438}"
EndProject
Project("{2150E333-8FDC-42A3-9474-1A3956D46DE8}") = "Deployments", "Deployments", "{5DE2A0BB-1FF9-4AEE-B249-E92FF7A5FBE1}"
EndProject
Project("{9A19103F-16F7-4668-BE54-9A1E7A4F7556}") = "DeploymentCenter.Deployments", "DeploymentCenter.Deployments\DeploymentCenter.Deployments.csproj", "{1742E56C-3765-48F2-A92E-1D58CDE0783B}"
EndProject
Project("{9A19103F-16F7-4668-BE54-9A1E7A4F7556}") = "DeploymentCenter.Deployments.Api", "DeploymentCenter.Deployments.Api\DeploymentCenter.Deployments.Api.csproj", "{5AC092E6-2E9D-4520-B4EB-BDD95CDADE3F}"
EndProject
Project("{9A19103F-16F7-4668-BE54-9A1E7A4F7556}") = "DeploymentCenter.Deployments.Contract", "DeploymentCenter.Deployments.Contract\DeploymentCenter.Deployments.Contract.csproj", "{689C09AA-8BD4-4445-BDD7-B5845151F98E}"
EndProject
Project("{9A19103F-16F7-4668-BE54-9A1E7A4F7556}") = "DeploymentCenter.Interfaces", "DeploymentCenter.Interfaces\DeploymentCenter.Interfaces.csproj", "{74790437-09C0-4F02-961C-8B47316CACB8}"
EndProject
Project("{2150E333-8FDC-42A3-9474-1A3956D46DE8}") = "Services", "Services", "{78782D7D-B78F-4FEC-B0BC-BCEC6FE9073B}"
EndProject
Project("{9A19103F-16F7-4668-BE54-9A1E7A4F7556}") = "DeploymentCenter.Services.Contract", "DeploymentCenter.Services.Contract\DeploymentCenter.Services.Contract.csproj", "{5C728FCE-AF1A-44CC-BCD0-41780D037417}"
EndProject
Project("{9A19103F-16F7-4668-BE54-9A1E7A4F7556}") = "DeploymentCenter.Services", "DeploymentCenter.Services\DeploymentCenter.Services.csproj", "{13E7F025-7EA6-4E73-BCB6-3CEDE17C8B23}"
EndProject
Project("{9A19103F-16F7-4668-BE54-9A1E7A4F7556}") = "DeploymentCenter.Services.Api", "DeploymentCenter.Services.Api\DeploymentCenter.Services.Api.csproj", "{44DF58FA-04E6-4994-BC0E-762CD55B3AC0}"
EndProject
Project("{2150E333-8FDC-42A3-9474-1A3956D46DE8}") = "Namespaces", "Namespaces", "{4D4A6434-6214-4CFA-A9D5-6A6B5E1A67B5}"
EndProject
Project("{9A19103F-16F7-4668-BE54-9A1E7A4F7556}") = "DeploymentCenter.Namespaces.Contract", "DeploymentCenter.Namespaces.Contract\DeploymentCenter.Namespaces.Contract.csproj", "{A8F684D0-C8C8-4D70-9DB9-6E1EF54A81C0}"
EndProject
Project("{9A19103F-16F7-4668-BE54-9A1E7A4F7556}") = "DeploymentCenter.Namespaces", "DeploymentCenter.Namespaces\DeploymentCenter.Namespaces.csproj", "{36DCF032-D9AB-4C3B-AA00-EE99AB80277C}"
EndProject
Project("{9A19103F-16F7-4668-BE54-9A1E7A4F7556}") = "DeploymentCenter.Namespaces.Api", "DeploymentCenter.Namespaces.Api\DeploymentCenter.Namespaces.Api.csproj", "{67738527-B3B8-4173-9F93-E01E5EFB212D}"
EndProject
Project("{9A19103F-16F7-4668-BE54-9A1E7A4F7556}") = "DeploymentCenter.Infrastructure", "DeploymentCenter.Infrastructure\DeploymentCenter.Infrastructure.csproj", "{A9F79356-DD91-4517-9D96-8FB1D4D1D6D9}"
EndProject
Project("{9A19103F-16F7-4668-BE54-9A1E7A4F7556}") = "DeploymentCenter.Deployments.Infrastructure", "DeploymentCenter.Deployments.Infrastructure\DeploymentCenter.Deployments.Infrastructure.csproj", "{1636CC21-A662-454C-89E3-B7A1C571B5AB}"
EndProject
Project("{2150E333-8FDC-42A3-9474-1A3956D46DE8}") = "Tests", "Tests", "{365A4DEF-FF24-4CD6-85DF-27995CE77D00}"
EndProject
Project("{9A19103F-16F7-4668-BE54-9A1E7A4F7556}") = "DeploymentCenter.ArchitectureTests", "DeploymentCenter.ArchitectureTests\DeploymentCenter.ArchitectureTests.csproj", "{C7E555E3-9780-4014-A63E-4C04706A2AB7}"
EndProject
Project("{FAE04EC0-301F-11D3-BF4B-00C04F79EFBC}") = "DeploymentCenter.Services.Infrastructure", "DeploymentCenter.Services.Infrastructure\DeploymentCenter.Services.Infrastructure.csproj", "{BFC9D58A-F145-4140-9393-5859FCCF7FE5}"
EndProject
Global
	GlobalSection(SolutionConfigurationPlatforms) = preSolution
		Debug|Any CPU = Debug|Any CPU
		Release|Any CPU = Release|Any CPU
	EndGlobalSection
	GlobalSection(ProjectConfigurationPlatforms) = postSolution
		{3736DD9F-093C-450D-8044-F8015FDC54AA}.Debug|Any CPU.ActiveCfg = Debug|Any CPU
		{3736DD9F-093C-450D-8044-F8015FDC54AA}.Debug|Any CPU.Build.0 = Debug|Any CPU
		{3736DD9F-093C-450D-8044-F8015FDC54AA}.Release|Any CPU.ActiveCfg = Release|Any CPU
		{3736DD9F-093C-450D-8044-F8015FDC54AA}.Release|Any CPU.Build.0 = Release|Any CPU
		{7FD7FBD2-7EC0-4731-A2BE-928ED0E5B83D}.Debug|Any CPU.ActiveCfg = Debug|Any CPU
		{7FD7FBD2-7EC0-4731-A2BE-928ED0E5B83D}.Debug|Any CPU.Build.0 = Debug|Any CPU
		{7FD7FBD2-7EC0-4731-A2BE-928ED0E5B83D}.Release|Any CPU.ActiveCfg = Release|Any CPU
		{7FD7FBD2-7EC0-4731-A2BE-928ED0E5B83D}.Release|Any CPU.Build.0 = Release|Any CPU
		{86DDF077-963F-4A99-A7B6-75A5CDE8700F}.Debug|Any CPU.ActiveCfg = Debug|Any CPU
		{86DDF077-963F-4A99-A7B6-75A5CDE8700F}.Debug|Any CPU.Build.0 = Debug|Any CPU
		{86DDF077-963F-4A99-A7B6-75A5CDE8700F}.Release|Any CPU.ActiveCfg = Release|Any CPU
		{86DDF077-963F-4A99-A7B6-75A5CDE8700F}.Release|Any CPU.Build.0 = Release|Any CPU
		{7B91A5FF-7488-406B-83D7-391847DE73FE}.Debug|Any CPU.ActiveCfg = Debug|Any CPU
		{7B91A5FF-7488-406B-83D7-391847DE73FE}.Debug|Any CPU.Build.0 = Debug|Any CPU
		{7B91A5FF-7488-406B-83D7-391847DE73FE}.Release|Any CPU.ActiveCfg = Release|Any CPU
		{7B91A5FF-7488-406B-83D7-391847DE73FE}.Release|Any CPU.Build.0 = Release|Any CPU
		{D3F52D27-2F02-4D3F-9FDA-ABD7D08B2438}.Debug|Any CPU.ActiveCfg = Debug|Any CPU
		{D3F52D27-2F02-4D3F-9FDA-ABD7D08B2438}.Debug|Any CPU.Build.0 = Debug|Any CPU
		{D3F52D27-2F02-4D3F-9FDA-ABD7D08B2438}.Release|Any CPU.ActiveCfg = Release|Any CPU
		{D3F52D27-2F02-4D3F-9FDA-ABD7D08B2438}.Release|Any CPU.Build.0 = Release|Any CPU
		{1742E56C-3765-48F2-A92E-1D58CDE0783B}.Debug|Any CPU.ActiveCfg = Debug|Any CPU
		{1742E56C-3765-48F2-A92E-1D58CDE0783B}.Debug|Any CPU.Build.0 = Debug|Any CPU
		{1742E56C-3765-48F2-A92E-1D58CDE0783B}.Release|Any CPU.ActiveCfg = Release|Any CPU
		{1742E56C-3765-48F2-A92E-1D58CDE0783B}.Release|Any CPU.Build.0 = Release|Any CPU
		{5AC092E6-2E9D-4520-B4EB-BDD95CDADE3F}.Debug|Any CPU.ActiveCfg = Debug|Any CPU
		{5AC092E6-2E9D-4520-B4EB-BDD95CDADE3F}.Debug|Any CPU.Build.0 = Debug|Any CPU
		{5AC092E6-2E9D-4520-B4EB-BDD95CDADE3F}.Release|Any CPU.ActiveCfg = Release|Any CPU
		{5AC092E6-2E9D-4520-B4EB-BDD95CDADE3F}.Release|Any CPU.Build.0 = Release|Any CPU
		{689C09AA-8BD4-4445-BDD7-B5845151F98E}.Debug|Any CPU.ActiveCfg = Debug|Any CPU
		{689C09AA-8BD4-4445-BDD7-B5845151F98E}.Debug|Any CPU.Build.0 = Debug|Any CPU
		{689C09AA-8BD4-4445-BDD7-B5845151F98E}.Release|Any CPU.ActiveCfg = Release|Any CPU
		{689C09AA-8BD4-4445-BDD7-B5845151F98E}.Release|Any CPU.Build.0 = Release|Any CPU
		{74790437-09C0-4F02-961C-8B47316CACB8}.Debug|Any CPU.ActiveCfg = Debug|Any CPU
		{74790437-09C0-4F02-961C-8B47316CACB8}.Debug|Any CPU.Build.0 = Debug|Any CPU
		{74790437-09C0-4F02-961C-8B47316CACB8}.Release|Any CPU.ActiveCfg = Release|Any CPU
		{74790437-09C0-4F02-961C-8B47316CACB8}.Release|Any CPU.Build.0 = Release|Any CPU
		{5C728FCE-AF1A-44CC-BCD0-41780D037417}.Debug|Any CPU.ActiveCfg = Debug|Any CPU
		{5C728FCE-AF1A-44CC-BCD0-41780D037417}.Debug|Any CPU.Build.0 = Debug|Any CPU
		{5C728FCE-AF1A-44CC-BCD0-41780D037417}.Release|Any CPU.ActiveCfg = Release|Any CPU
		{5C728FCE-AF1A-44CC-BCD0-41780D037417}.Release|Any CPU.Build.0 = Release|Any CPU
		{13E7F025-7EA6-4E73-BCB6-3CEDE17C8B23}.Debug|Any CPU.ActiveCfg = Debug|Any CPU
		{13E7F025-7EA6-4E73-BCB6-3CEDE17C8B23}.Debug|Any CPU.Build.0 = Debug|Any CPU
		{13E7F025-7EA6-4E73-BCB6-3CEDE17C8B23}.Release|Any CPU.ActiveCfg = Release|Any CPU
		{13E7F025-7EA6-4E73-BCB6-3CEDE17C8B23}.Release|Any CPU.Build.0 = Release|Any CPU
		{44DF58FA-04E6-4994-BC0E-762CD55B3AC0}.Debug|Any CPU.ActiveCfg = Debug|Any CPU
		{44DF58FA-04E6-4994-BC0E-762CD55B3AC0}.Debug|Any CPU.Build.0 = Debug|Any CPU
		{44DF58FA-04E6-4994-BC0E-762CD55B3AC0}.Release|Any CPU.ActiveCfg = Release|Any CPU
		{44DF58FA-04E6-4994-BC0E-762CD55B3AC0}.Release|Any CPU.Build.0 = Release|Any CPU
		{A8F684D0-C8C8-4D70-9DB9-6E1EF54A81C0}.Debug|Any CPU.ActiveCfg = Debug|Any CPU
		{A8F684D0-C8C8-4D70-9DB9-6E1EF54A81C0}.Debug|Any CPU.Build.0 = Debug|Any CPU
		{A8F684D0-C8C8-4D70-9DB9-6E1EF54A81C0}.Release|Any CPU.ActiveCfg = Release|Any CPU
		{A8F684D0-C8C8-4D70-9DB9-6E1EF54A81C0}.Release|Any CPU.Build.0 = Release|Any CPU
		{36DCF032-D9AB-4C3B-AA00-EE99AB80277C}.Debug|Any CPU.ActiveCfg = Debug|Any CPU
		{36DCF032-D9AB-4C3B-AA00-EE99AB80277C}.Debug|Any CPU.Build.0 = Debug|Any CPU
		{36DCF032-D9AB-4C3B-AA00-EE99AB80277C}.Release|Any CPU.ActiveCfg = Release|Any CPU
		{36DCF032-D9AB-4C3B-AA00-EE99AB80277C}.Release|Any CPU.Build.0 = Release|Any CPU
		{67738527-B3B8-4173-9F93-E01E5EFB212D}.Debug|Any CPU.ActiveCfg = Debug|Any CPU
		{67738527-B3B8-4173-9F93-E01E5EFB212D}.Debug|Any CPU.Build.0 = Debug|Any CPU
		{67738527-B3B8-4173-9F93-E01E5EFB212D}.Release|Any CPU.ActiveCfg = Release|Any CPU
		{67738527-B3B8-4173-9F93-E01E5EFB212D}.Release|Any CPU.Build.0 = Release|Any CPU
		{A9F79356-DD91-4517-9D96-8FB1D4D1D6D9}.Debug|Any CPU.ActiveCfg = Debug|Any CPU
		{A9F79356-DD91-4517-9D96-8FB1D4D1D6D9}.Debug|Any CPU.Build.0 = Debug|Any CPU
		{A9F79356-DD91-4517-9D96-8FB1D4D1D6D9}.Release|Any CPU.ActiveCfg = Release|Any CPU
		{A9F79356-DD91-4517-9D96-8FB1D4D1D6D9}.Release|Any CPU.Build.0 = Release|Any CPU
		{1636CC21-A662-454C-89E3-B7A1C571B5AB}.Debug|Any CPU.ActiveCfg = Debug|Any CPU
		{1636CC21-A662-454C-89E3-B7A1C571B5AB}.Debug|Any CPU.Build.0 = Debug|Any CPU
		{1636CC21-A662-454C-89E3-B7A1C571B5AB}.Release|Any CPU.ActiveCfg = Release|Any CPU
		{1636CC21-A662-454C-89E3-B7A1C571B5AB}.Release|Any CPU.Build.0 = Release|Any CPU
		{C7E555E3-9780-4014-A63E-4C04706A2AB7}.Debug|Any CPU.ActiveCfg = Debug|Any CPU
		{C7E555E3-9780-4014-A63E-4C04706A2AB7}.Debug|Any CPU.Build.0 = Debug|Any CPU
		{C7E555E3-9780-4014-A63E-4C04706A2AB7}.Release|Any CPU.ActiveCfg = Release|Any CPU
		{C7E555E3-9780-4014-A63E-4C04706A2AB7}.Release|Any CPU.Build.0 = Release|Any CPU
		{BFC9D58A-F145-4140-9393-5859FCCF7FE5}.Debug|Any CPU.ActiveCfg = Debug|Any CPU
		{BFC9D58A-F145-4140-9393-5859FCCF7FE5}.Debug|Any CPU.Build.0 = Debug|Any CPU
		{BFC9D58A-F145-4140-9393-5859FCCF7FE5}.Release|Any CPU.ActiveCfg = Release|Any CPU
		{BFC9D58A-F145-4140-9393-5859FCCF7FE5}.Release|Any CPU.Build.0 = Release|Any CPU
	EndGlobalSection
	GlobalSection(SolutionProperties) = preSolution
		HideSolutionNode = FALSE
	EndGlobalSection
	GlobalSection(NestedProjects) = preSolution
		{7FD7FBD2-7EC0-4731-A2BE-928ED0E5B83D} = {8AB375DA-EE6C-44E1-B4EA-15EAEF27913F}
		{8AB375DA-EE6C-44E1-B4EA-15EAEF27913F} = {B238DB0E-9BBE-4CB9-9D3D-99084D449C1E}
		{86DDF077-963F-4A99-A7B6-75A5CDE8700F} = {8AB375DA-EE6C-44E1-B4EA-15EAEF27913F}
		{7B91A5FF-7488-406B-83D7-391847DE73FE} = {C6EBB914-79EF-499C-83F4-D4C33C34FFD0}
		{D3F52D27-2F02-4D3F-9FDA-ABD7D08B2438} = {C6EBB914-79EF-499C-83F4-D4C33C34FFD0}
		{5DE2A0BB-1FF9-4AEE-B249-E92FF7A5FBE1} = {B238DB0E-9BBE-4CB9-9D3D-99084D449C1E}
		{1742E56C-3765-48F2-A92E-1D58CDE0783B} = {5DE2A0BB-1FF9-4AEE-B249-E92FF7A5FBE1}
		{5AC092E6-2E9D-4520-B4EB-BDD95CDADE3F} = {5DE2A0BB-1FF9-4AEE-B249-E92FF7A5FBE1}
		{689C09AA-8BD4-4445-BDD7-B5845151F98E} = {5DE2A0BB-1FF9-4AEE-B249-E92FF7A5FBE1}
		{74790437-09C0-4F02-961C-8B47316CACB8} = {C6EBB914-79EF-499C-83F4-D4C33C34FFD0}
		{78782D7D-B78F-4FEC-B0BC-BCEC6FE9073B} = {B238DB0E-9BBE-4CB9-9D3D-99084D449C1E}
		{5C728FCE-AF1A-44CC-BCD0-41780D037417} = {78782D7D-B78F-4FEC-B0BC-BCEC6FE9073B}
		{13E7F025-7EA6-4E73-BCB6-3CEDE17C8B23} = {78782D7D-B78F-4FEC-B0BC-BCEC6FE9073B}
		{44DF58FA-04E6-4994-BC0E-762CD55B3AC0} = {78782D7D-B78F-4FEC-B0BC-BCEC6FE9073B}
		{4D4A6434-6214-4CFA-A9D5-6A6B5E1A67B5} = {B238DB0E-9BBE-4CB9-9D3D-99084D449C1E}
		{A8F684D0-C8C8-4D70-9DB9-6E1EF54A81C0} = {4D4A6434-6214-4CFA-A9D5-6A6B5E1A67B5}
		{36DCF032-D9AB-4C3B-AA00-EE99AB80277C} = {4D4A6434-6214-4CFA-A9D5-6A6B5E1A67B5}
		{67738527-B3B8-4173-9F93-E01E5EFB212D} = {4D4A6434-6214-4CFA-A9D5-6A6B5E1A67B5}
		{1636CC21-A662-454C-89E3-B7A1C571B5AB} = {5DE2A0BB-1FF9-4AEE-B249-E92FF7A5FBE1}
		{C7E555E3-9780-4014-A63E-4C04706A2AB7} = {365A4DEF-FF24-4CD6-85DF-27995CE77D00}
		{BFC9D58A-F145-4140-9393-5859FCCF7FE5} = {78782D7D-B78F-4FEC-B0BC-BCEC6FE9073B}
	EndGlobalSection
	GlobalSection(ExtensibilityGlobals) = postSolution
		SolutionGuid = {75BDC6F9-FD28-42A4-B4A7-18D80AE76B7C}
	EndGlobalSection
EndGlobal
