
Microsoft Visual Studio Solution File, Format Version 12.00
# Visual Studio Version 17
VisualStudioVersion = 17.8.34511.84
MinimumVisualStudioVersion = 10.0.40219.1
Project("{9A19103F-16F7-4668-BE54-9A1E7A4F7556}") = "DeploymentCenter", "DeploymentCenter\DeploymentCenter.csproj", "{3736DD9F-093C-450D-8044-F8015FDC54AA}"
EndProject
Project("{2150E333-8FDC-42A3-9474-1A3956D46DE8}") = "Libs", "Libs", "{C6EBB914-79EF-499C-83F4-D4C33C34FFD0}"
EndProject
Project("{9A19103F-16F7-4668-BE54-9A1E7A4F7556}") = "DeploymentCenter.Api", "DeploymentCenter.Api\DeploymentCenter.Api.csproj", "{7B91A5FF-7488-406B-83D7-391847DE73FE}"
EndProject
Project("{9A19103F-16F7-4668-BE54-9A1E7A4F7556}") = "DeploymentCenter.SharedKernel", "DeploymentCenter.SharedKernel\DeploymentCenter.SharedKernel.csproj", "{D3F52D27-2F02-4D3F-9FDA-ABD7D08B2438}"
EndProject
Project("{9A19103F-16F7-4668-BE54-9A1E7A4F7556}") = "DeploymentCenter.Deployments", "DeploymentCenter.Deployments\DeploymentCenter.Deployments.csproj", "{1742E56C-3765-48F2-A92E-1D58CDE0783B}"
EndProject
Project("{9A19103F-16F7-4668-BE54-9A1E7A4F7556}") = "DeploymentCenter.Deployments.Api", "DeploymentCenter.Deployments.Api\DeploymentCenter.Deployments.Api.csproj", "{5AC092E6-2E9D-4520-B4EB-BDD95CDADE3F}"
EndProject
Project("{9A19103F-16F7-4668-BE54-9A1E7A4F7556}") = "DeploymentCenter.Services", "DeploymentCenter.Services\DeploymentCenter.Services.csproj", "{13E7F025-7EA6-4E73-BCB6-3CEDE17C8B23}"
EndProject
Project("{9A19103F-16F7-4668-BE54-9A1E7A4F7556}") = "DeploymentCenter.Services.Api", "DeploymentCenter.Services.Api\DeploymentCenter.Services.Api.csproj", "{44DF58FA-04E6-4994-BC0E-762CD55B3AC0}"
EndProject
Project("{9A19103F-16F7-4668-BE54-9A1E7A4F7556}") = "DeploymentCenter.Namespaces", "DeploymentCenter.Namespaces\DeploymentCenter.Namespaces.csproj", "{36DCF032-D9AB-4C3B-AA00-EE99AB80277C}"
EndProject
Project("{9A19103F-16F7-4668-BE54-9A1E7A4F7556}") = "DeploymentCenter.Namespaces.Api", "DeploymentCenter.Namespaces.Api\DeploymentCenter.Namespaces.Api.csproj", "{67738527-B3B8-4173-9F93-E01E5EFB212D}"
EndProject
Project("{9A19103F-16F7-4668-BE54-9A1E7A4F7556}") = "DeploymentCenter.Infrastructure", "DeploymentCenter.Infrastructure\DeploymentCenter.Infrastructure.csproj", "{A9F79356-DD91-4517-9D96-8FB1D4D1D6D9}"
EndProject
Project("{9A19103F-16F7-4668-BE54-9A1E7A4F7556}") = "DeploymentCenter.Security", "DeploymentCenter.Security\DeploymentCenter.Security.csproj", "{6C9D7D19-42D8-4D22-A236-6498877A6662}"
EndProject
Project("{9A19103F-16F7-4668-BE54-9A1E7A4F7556}") = "DeploymentCenter.Security.Api", "DeploymentCenter.Security.Api\DeploymentCenter.Security.Api.csproj", "{4AA3A227-A904-4826-8E6B-9547ACAB291C}"
EndProject
Project("{9A19103F-16F7-4668-BE54-9A1E7A4F7556}") = "DeploymentCenter.Infrastructure.Tests", "DeploymentCenter.Infrastructure.Tests\DeploymentCenter.Infrastructure.Tests.csproj", "{F2FDB1DA-10FF-4E04-9A57-E0FA41FD8ACF}"
EndProject
Project("{2150E333-8FDC-42A3-9474-1A3956D46DE8}") = "Solution Items", "Solution Items", "{57806817-1C19-4C7F-AC0A-4B36E4937F05}"
	ProjectSection(SolutionItems) = preProject
		.editorconfig = .editorconfig
	EndProjectSection
EndProject
Project("{9A19103F-16F7-4668-BE54-9A1E7A4F7556}") = "DeploymentCenter.Deployments.Tests", "DeploymentCenter.Deployments.Tests\DeploymentCenter.Deployments.Tests.csproj", "{70CE5FEF-3A83-408F-A700-253FE3B3C908}"
EndProject
Project("{9A19103F-16F7-4668-BE54-9A1E7A4F7556}") = "DeploymentCenter.Metrics", "DeploymentCenter.Metrics\DeploymentCenter.Metrics.csproj", "{E156FA41-AEC4-4328-807D-464C89A692C8}"
EndProject
Project("{9A19103F-16F7-4668-BE54-9A1E7A4F7556}") = "DeploymentCenter.Metrics.Api", "DeploymentCenter.Metrics.Api\DeploymentCenter.Metrics.Api.csproj", "{DEBA76E8-CC50-4E21-9554-F8F794C1A62F}"
EndProject
Project("{9A19103F-16F7-4668-BE54-9A1E7A4F7556}") = "DeploymentCenter.Metrics.Tests", "DeploymentCenter.Metrics.Tests\DeploymentCenter.Metrics.Tests.csproj", "{493E194A-F3F6-45E7-AD43-12383E1A1134}"
EndProject
Project("{2150E333-8FDC-42A3-9474-1A3956D46DE8}") = "Modules", "Modules", "{4B831BC4-AA2F-482A-8ABE-C9FE6F74B0D3}"
EndProject
Project("{2150E333-8FDC-42A3-9474-1A3956D46DE8}") = "Core", "Core", "{1EA85B65-4BBB-4B23-BD78-332F03D1A4F8}"
EndProject
Project("{2150E333-8FDC-42A3-9474-1A3956D46DE8}") = "Resources", "Resources", "{EB8DD271-6F4F-4D1D-920B-0D29E9BA2D70}"
EndProject
Project("{2150E333-8FDC-42A3-9474-1A3956D46DE8}") = "Security", "Security", "{199A03CD-5759-40F9-8ABF-93802EFEC1B2}"
EndProject
Project("{2150E333-8FDC-42A3-9474-1A3956D46DE8}") = "Deployments", "Deployments", "{08736736-0749-4C57-8152-CCD369BD0AE1}"
EndProject
Project("{2150E333-8FDC-42A3-9474-1A3956D46DE8}") = "Metrics", "Metrics", "{2501D6C2-0FC7-4F52-BA28-A5E42AC6629E}"
EndProject
Project("{2150E333-8FDC-42A3-9474-1A3956D46DE8}") = "Namespaces", "Namespaces", "{E93E6D4A-F276-44D2-B489-9D21FF678CC9}"
EndProject
Project("{2150E333-8FDC-42A3-9474-1A3956D46DE8}") = "Services", "Services", "{F4B715D3-B9EC-467A-97BF-9ADA17B5A75C}"
EndProject
Project("{2150E333-8FDC-42A3-9474-1A3956D46DE8}") = "Infrastructure", "Infrastructure", "{48353E4B-E871-48C2-8EF6-E3C487638006}"
EndProject
Project("{9A19103F-16F7-4668-BE54-9A1E7A4F7556}") = "DeploymentCenter.SharedKernel.Tests", "DeploymentCenter.SharedKernel.Tests\DeploymentCenter.SharedKernel.Tests.csproj", "{FD7418D2-CB46-44B7-9B8D-AE2188821730}"
EndProject
Project("{FAE04EC0-301F-11D3-BF4B-00C04F79EFBC}") = "DeploymentCenter.IntegrationTests", "DeploymentCenter.IntegrationTests\DeploymentCenter.IntegrationTests.csproj", "{306918FC-24DF-45E8-89F2-8A27EDADC8C9}"
EndProject
Project("{FAE04EC0-301F-11D3-BF4B-00C04F79EFBC}") = "DeploymentCenter.IntegrationTests.Lib", "DeploymentCenter.IntegrationTests.Lib\DeploymentCenter.IntegrationTests.Lib.csproj", "{3103ADF8-87B6-4995-BDD2-FCED216DCC02}"
EndProject
Project("{FAE04EC0-301F-11D3-BF4B-00C04F79EFBC}") = "DeploymentCenter.Deployments.IntegrationTests", "DeploymentCenter.Deployments.IntegrationTests\DeploymentCenter.Deployments.IntegrationTests.csproj", "{12C797A7-AE60-4434-BCD0-536AEED8EDA9}"
EndProject
Project("{FAE04EC0-301F-11D3-BF4B-00C04F79EFBC}") = "DeploymentCenter.Security.IntegrationTests", "DeploymentCenter.Security.IntegrationTests\DeploymentCenter.Security.IntegrationTests.csproj", "{4610775B-E189-4BFF-AD4F-4A6049F9403D}"
EndProject
Global
	GlobalSection(SolutionConfigurationPlatforms) = preSolution
		Debug|Any CPU = Debug|Any CPU
		Release|Any CPU = Release|Any CPU
	EndGlobalSection
	GlobalSection(ProjectConfigurationPlatforms) = postSolution
		{3736DD9F-093C-450D-8044-F8015FDC54AA}.Debug|Any CPU.ActiveCfg = Debug|Any CPU
		{3736DD9F-093C-450D-8044-F8015FDC54AA}.Debug|Any CPU.Build.0 = Debug|Any CPU
		{3736DD9F-093C-450D-8044-F8015FDC54AA}.Release|Any CPU.ActiveCfg = Release|Any CPU
		{3736DD9F-093C-450D-8044-F8015FDC54AA}.Release|Any CPU.Build.0 = Release|Any CPU
		{7B91A5FF-7488-406B-83D7-391847DE73FE}.Debug|Any CPU.ActiveCfg = Debug|Any CPU
		{7B91A5FF-7488-406B-83D7-391847DE73FE}.Debug|Any CPU.Build.0 = Debug|Any CPU
		{7B91A5FF-7488-406B-83D7-391847DE73FE}.Release|Any CPU.ActiveCfg = Release|Any CPU
		{7B91A5FF-7488-406B-83D7-391847DE73FE}.Release|Any CPU.Build.0 = Release|Any CPU
		{D3F52D27-2F02-4D3F-9FDA-ABD7D08B2438}.Debug|Any CPU.ActiveCfg = Debug|Any CPU
		{D3F52D27-2F02-4D3F-9FDA-ABD7D08B2438}.Debug|Any CPU.Build.0 = Debug|Any CPU
		{D3F52D27-2F02-4D3F-9FDA-ABD7D08B2438}.Release|Any CPU.ActiveCfg = Release|Any CPU
		{D3F52D27-2F02-4D3F-9FDA-ABD7D08B2438}.Release|Any CPU.Build.0 = Release|Any CPU
		{1742E56C-3765-48F2-A92E-1D58CDE0783B}.Debug|Any CPU.ActiveCfg = Debug|Any CPU
		{1742E56C-3765-48F2-A92E-1D58CDE0783B}.Debug|Any CPU.Build.0 = Debug|Any CPU
		{1742E56C-3765-48F2-A92E-1D58CDE0783B}.Release|Any CPU.ActiveCfg = Release|Any CPU
		{1742E56C-3765-48F2-A92E-1D58CDE0783B}.Release|Any CPU.Build.0 = Release|Any CPU
		{5AC092E6-2E9D-4520-B4EB-BDD95CDADE3F}.Debug|Any CPU.ActiveCfg = Debug|Any CPU
		{5AC092E6-2E9D-4520-B4EB-BDD95CDADE3F}.Debug|Any CPU.Build.0 = Debug|Any CPU
		{5AC092E6-2E9D-4520-B4EB-BDD95CDADE3F}.Release|Any CPU.ActiveCfg = Release|Any CPU
		{5AC092E6-2E9D-4520-B4EB-BDD95CDADE3F}.Release|Any CPU.Build.0 = Release|Any CPU
		{13E7F025-7EA6-4E73-BCB6-3CEDE17C8B23}.Debug|Any CPU.ActiveCfg = Debug|Any CPU
		{13E7F025-7EA6-4E73-BCB6-3CEDE17C8B23}.Debug|Any CPU.Build.0 = Debug|Any CPU
		{13E7F025-7EA6-4E73-BCB6-3CEDE17C8B23}.Release|Any CPU.ActiveCfg = Release|Any CPU
		{13E7F025-7EA6-4E73-BCB6-3CEDE17C8B23}.Release|Any CPU.Build.0 = Release|Any CPU
		{44DF58FA-04E6-4994-BC0E-762CD55B3AC0}.Debug|Any CPU.ActiveCfg = Debug|Any CPU
		{44DF58FA-04E6-4994-BC0E-762CD55B3AC0}.Debug|Any CPU.Build.0 = Debug|Any CPU
		{44DF58FA-04E6-4994-BC0E-762CD55B3AC0}.Release|Any CPU.ActiveCfg = Release|Any CPU
		{44DF58FA-04E6-4994-BC0E-762CD55B3AC0}.Release|Any CPU.Build.0 = Release|Any CPU
		{36DCF032-D9AB-4C3B-AA00-EE99AB80277C}.Debug|Any CPU.ActiveCfg = Debug|Any CPU
		{36DCF032-D9AB-4C3B-AA00-EE99AB80277C}.Debug|Any CPU.Build.0 = Debug|Any CPU
		{36DCF032-D9AB-4C3B-AA00-EE99AB80277C}.Release|Any CPU.ActiveCfg = Release|Any CPU
		{36DCF032-D9AB-4C3B-AA00-EE99AB80277C}.Release|Any CPU.Build.0 = Release|Any CPU
		{67738527-B3B8-4173-9F93-E01E5EFB212D}.Debug|Any CPU.ActiveCfg = Debug|Any CPU
		{67738527-B3B8-4173-9F93-E01E5EFB212D}.Debug|Any CPU.Build.0 = Debug|Any CPU
		{67738527-B3B8-4173-9F93-E01E5EFB212D}.Release|Any CPU.ActiveCfg = Release|Any CPU
		{67738527-B3B8-4173-9F93-E01E5EFB212D}.Release|Any CPU.Build.0 = Release|Any CPU
		{A9F79356-DD91-4517-9D96-8FB1D4D1D6D9}.Debug|Any CPU.ActiveCfg = Debug|Any CPU
		{A9F79356-DD91-4517-9D96-8FB1D4D1D6D9}.Debug|Any CPU.Build.0 = Debug|Any CPU
		{A9F79356-DD91-4517-9D96-8FB1D4D1D6D9}.Release|Any CPU.ActiveCfg = Release|Any CPU
		{A9F79356-DD91-4517-9D96-8FB1D4D1D6D9}.Release|Any CPU.Build.0 = Release|Any CPU
		{6C9D7D19-42D8-4D22-A236-6498877A6662}.Debug|Any CPU.ActiveCfg = Debug|Any CPU
		{6C9D7D19-42D8-4D22-A236-6498877A6662}.Debug|Any CPU.Build.0 = Debug|Any CPU
		{6C9D7D19-42D8-4D22-A236-6498877A6662}.Release|Any CPU.ActiveCfg = Release|Any CPU
		{6C9D7D19-42D8-4D22-A236-6498877A6662}.Release|Any CPU.Build.0 = Release|Any CPU
		{4AA3A227-A904-4826-8E6B-9547ACAB291C}.Debug|Any CPU.ActiveCfg = Debug|Any CPU
		{4AA3A227-A904-4826-8E6B-9547ACAB291C}.Debug|Any CPU.Build.0 = Debug|Any CPU
		{4AA3A227-A904-4826-8E6B-9547ACAB291C}.Release|Any CPU.ActiveCfg = Release|Any CPU
		{4AA3A227-A904-4826-8E6B-9547ACAB291C}.Release|Any CPU.Build.0 = Release|Any CPU
		{F2FDB1DA-10FF-4E04-9A57-E0FA41FD8ACF}.Debug|Any CPU.ActiveCfg = Debug|Any CPU
		{F2FDB1DA-10FF-4E04-9A57-E0FA41FD8ACF}.Debug|Any CPU.Build.0 = Debug|Any CPU
		{F2FDB1DA-10FF-4E04-9A57-E0FA41FD8ACF}.Release|Any CPU.ActiveCfg = Release|Any CPU
		{F2FDB1DA-10FF-4E04-9A57-E0FA41FD8ACF}.Release|Any CPU.Build.0 = Release|Any CPU
		{70CE5FEF-3A83-408F-A700-253FE3B3C908}.Debug|Any CPU.ActiveCfg = Debug|Any CPU
		{70CE5FEF-3A83-408F-A700-253FE3B3C908}.Debug|Any CPU.Build.0 = Debug|Any CPU
		{70CE5FEF-3A83-408F-A700-253FE3B3C908}.Release|Any CPU.ActiveCfg = Release|Any CPU
		{70CE5FEF-3A83-408F-A700-253FE3B3C908}.Release|Any CPU.Build.0 = Release|Any CPU
		{E156FA41-AEC4-4328-807D-464C89A692C8}.Debug|Any CPU.ActiveCfg = Debug|Any CPU
		{E156FA41-AEC4-4328-807D-464C89A692C8}.Debug|Any CPU.Build.0 = Debug|Any CPU
		{E156FA41-AEC4-4328-807D-464C89A692C8}.Release|Any CPU.ActiveCfg = Release|Any CPU
		{E156FA41-AEC4-4328-807D-464C89A692C8}.Release|Any CPU.Build.0 = Release|Any CPU
		{DEBA76E8-CC50-4E21-9554-F8F794C1A62F}.Debug|Any CPU.ActiveCfg = Debug|Any CPU
		{DEBA76E8-CC50-4E21-9554-F8F794C1A62F}.Debug|Any CPU.Build.0 = Debug|Any CPU
		{DEBA76E8-CC50-4E21-9554-F8F794C1A62F}.Release|Any CPU.ActiveCfg = Release|Any CPU
		{DEBA76E8-CC50-4E21-9554-F8F794C1A62F}.Release|Any CPU.Build.0 = Release|Any CPU
		{493E194A-F3F6-45E7-AD43-12383E1A1134}.Debug|Any CPU.ActiveCfg = Debug|Any CPU
		{493E194A-F3F6-45E7-AD43-12383E1A1134}.Debug|Any CPU.Build.0 = Debug|Any CPU
		{493E194A-F3F6-45E7-AD43-12383E1A1134}.Release|Any CPU.ActiveCfg = Release|Any CPU
		{493E194A-F3F6-45E7-AD43-12383E1A1134}.Release|Any CPU.Build.0 = Release|Any CPU
		{FD7418D2-CB46-44B7-9B8D-AE2188821730}.Debug|Any CPU.ActiveCfg = Debug|Any CPU
		{FD7418D2-CB46-44B7-9B8D-AE2188821730}.Debug|Any CPU.Build.0 = Debug|Any CPU
		{FD7418D2-CB46-44B7-9B8D-AE2188821730}.Release|Any CPU.ActiveCfg = Release|Any CPU
		{FD7418D2-CB46-44B7-9B8D-AE2188821730}.Release|Any CPU.Build.0 = Release|Any CPU
		{306918FC-24DF-45E8-89F2-8A27EDADC8C9}.Debug|Any CPU.ActiveCfg = Debug|Any CPU
		{306918FC-24DF-45E8-89F2-8A27EDADC8C9}.Debug|Any CPU.Build.0 = Debug|Any CPU
		{306918FC-24DF-45E8-89F2-8A27EDADC8C9}.Release|Any CPU.ActiveCfg = Release|Any CPU
		{306918FC-24DF-45E8-89F2-8A27EDADC8C9}.Release|Any CPU.Build.0 = Release|Any CPU
		{3103ADF8-87B6-4995-BDD2-FCED216DCC02}.Debug|Any CPU.ActiveCfg = Debug|Any CPU
		{3103ADF8-87B6-4995-BDD2-FCED216DCC02}.Debug|Any CPU.Build.0 = Debug|Any CPU
		{3103ADF8-87B6-4995-BDD2-FCED216DCC02}.Release|Any CPU.ActiveCfg = Release|Any CPU
		{3103ADF8-87B6-4995-BDD2-FCED216DCC02}.Release|Any CPU.Build.0 = Release|Any CPU
		{12C797A7-AE60-4434-BCD0-536AEED8EDA9}.Debug|Any CPU.ActiveCfg = Debug|Any CPU
		{12C797A7-AE60-4434-BCD0-536AEED8EDA9}.Debug|Any CPU.Build.0 = Debug|Any CPU
		{12C797A7-AE60-4434-BCD0-536AEED8EDA9}.Release|Any CPU.ActiveCfg = Release|Any CPU
		{12C797A7-AE60-4434-BCD0-536AEED8EDA9}.Release|Any CPU.Build.0 = Release|Any CPU
		{4610775B-E189-4BFF-AD4F-4A6049F9403D}.Debug|Any CPU.ActiveCfg = Debug|Any CPU
		{4610775B-E189-4BFF-AD4F-4A6049F9403D}.Debug|Any CPU.Build.0 = Debug|Any CPU
		{4610775B-E189-4BFF-AD4F-4A6049F9403D}.Release|Any CPU.ActiveCfg = Release|Any CPU
		{4610775B-E189-4BFF-AD4F-4A6049F9403D}.Release|Any CPU.Build.0 = Release|Any CPU
	EndGlobalSection
	GlobalSection(SolutionProperties) = preSolution
		HideSolutionNode = FALSE
	EndGlobalSection
	GlobalSection(NestedProjects) = preSolution
		{7B91A5FF-7488-406B-83D7-391847DE73FE} = {C6EBB914-79EF-499C-83F4-D4C33C34FFD0}
		{D3F52D27-2F02-4D3F-9FDA-ABD7D08B2438} = {C6EBB914-79EF-499C-83F4-D4C33C34FFD0}
		{1742E56C-3765-48F2-A92E-1D58CDE0783B} = {08736736-0749-4C57-8152-CCD369BD0AE1}
		{5AC092E6-2E9D-4520-B4EB-BDD95CDADE3F} = {08736736-0749-4C57-8152-CCD369BD0AE1}
		{13E7F025-7EA6-4E73-BCB6-3CEDE17C8B23} = {F4B715D3-B9EC-467A-97BF-9ADA17B5A75C}
		{44DF58FA-04E6-4994-BC0E-762CD55B3AC0} = {F4B715D3-B9EC-467A-97BF-9ADA17B5A75C}
		{36DCF032-D9AB-4C3B-AA00-EE99AB80277C} = {E93E6D4A-F276-44D2-B489-9D21FF678CC9}
		{67738527-B3B8-4173-9F93-E01E5EFB212D} = {E93E6D4A-F276-44D2-B489-9D21FF678CC9}
		{A9F79356-DD91-4517-9D96-8FB1D4D1D6D9} = {48353E4B-E871-48C2-8EF6-E3C487638006}
		{6C9D7D19-42D8-4D22-A236-6498877A6662} = {199A03CD-5759-40F9-8ABF-93802EFEC1B2}
		{4AA3A227-A904-4826-8E6B-9547ACAB291C} = {199A03CD-5759-40F9-8ABF-93802EFEC1B2}
		{F2FDB1DA-10FF-4E04-9A57-E0FA41FD8ACF} = {48353E4B-E871-48C2-8EF6-E3C487638006}
		{70CE5FEF-3A83-408F-A700-253FE3B3C908} = {08736736-0749-4C57-8152-CCD369BD0AE1}
		{E156FA41-AEC4-4328-807D-464C89A692C8} = {2501D6C2-0FC7-4F52-BA28-A5E42AC6629E}
		{DEBA76E8-CC50-4E21-9554-F8F794C1A62F} = {2501D6C2-0FC7-4F52-BA28-A5E42AC6629E}
		{493E194A-F3F6-45E7-AD43-12383E1A1134} = {2501D6C2-0FC7-4F52-BA28-A5E42AC6629E}
		{1EA85B65-4BBB-4B23-BD78-332F03D1A4F8} = {4B831BC4-AA2F-482A-8ABE-C9FE6F74B0D3}
		{EB8DD271-6F4F-4D1D-920B-0D29E9BA2D70} = {4B831BC4-AA2F-482A-8ABE-C9FE6F74B0D3}
		{199A03CD-5759-40F9-8ABF-93802EFEC1B2} = {1EA85B65-4BBB-4B23-BD78-332F03D1A4F8}
		{08736736-0749-4C57-8152-CCD369BD0AE1} = {EB8DD271-6F4F-4D1D-920B-0D29E9BA2D70}
		{2501D6C2-0FC7-4F52-BA28-A5E42AC6629E} = {EB8DD271-6F4F-4D1D-920B-0D29E9BA2D70}
		{E93E6D4A-F276-44D2-B489-9D21FF678CC9} = {EB8DD271-6F4F-4D1D-920B-0D29E9BA2D70}
		{F4B715D3-B9EC-467A-97BF-9ADA17B5A75C} = {EB8DD271-6F4F-4D1D-920B-0D29E9BA2D70}
		{48353E4B-E871-48C2-8EF6-E3C487638006} = {1EA85B65-4BBB-4B23-BD78-332F03D1A4F8}
		{FD7418D2-CB46-44B7-9B8D-AE2188821730} = {C6EBB914-79EF-499C-83F4-D4C33C34FFD0}
		{3103ADF8-87B6-4995-BDD2-FCED216DCC02} = {C6EBB914-79EF-499C-83F4-D4C33C34FFD0}
		{12C797A7-AE60-4434-BCD0-536AEED8EDA9} = {08736736-0749-4C57-8152-CCD369BD0AE1}
		{4610775B-E189-4BFF-AD4F-4A6049F9403D} = {199A03CD-5759-40F9-8ABF-93802EFEC1B2}
	EndGlobalSection
	GlobalSection(ExtensibilityGlobals) = postSolution
		SolutionGuid = {75BDC6F9-FD28-42A4-B4A7-18D80AE76B7C}
	EndGlobalSection
EndGlobal
